
Microsoft Visual Studio Solution File, Format Version 12.00
# Visual Studio 15
VisualStudioVersion = 15.0.26430.16
MinimumVisualStudioVersion = 10.0.40219.1
Project("{2150E333-8FDC-42A3-9474-1A3956D46DE8}") = "Engine", "Engine", "{C1EA3523-94A4-4DAE-9A79-F23FB53CE8B9}"
EndProject
Project("{2150E333-8FDC-42A3-9474-1A3956D46DE8}") = "Games", "Games", "{C6738F04-4E83-4FEF-AF66-80725C7A99FB}"
EndProject
Project("{8BC9CEB8-8B4A-11D0-8D11-00A0C91BC942}") = "UE4", "Intermediate\ProjectFiles\UE4.vcxproj", "{097F1B79-313A-4405-9D59-0239CE13F9F4}"
EndProject
Project("{8BC9CEB8-8B4A-11D0-8D11-00A0C91BC942}") = "RainCity", "Intermediate\ProjectFiles\RainCity.vcxproj", "{081D4752-42EC-47E5-A177-7A97FC8F6DEA}"
EndProject
Global
	GlobalSection(SolutionConfigurationPlatforms) = preSolution
		DebugGame Editor|IOS = DebugGame Editor|IOS
		DebugGame Editor|Win32 = DebugGame Editor|Win32
		DebugGame Editor|Win64 = DebugGame Editor|Win64
		DebugGame|IOS = DebugGame|IOS
		DebugGame|Win32 = DebugGame|Win32
		DebugGame|Win64 = DebugGame|Win64
		Development Editor|IOS = Development Editor|IOS
		Development Editor|Win32 = Development Editor|Win32
		Development Editor|Win64 = Development Editor|Win64
		Development|IOS = Development|IOS
		Development|Win32 = Development|Win32
		Development|Win64 = Development|Win64
		Shipping|IOS = Shipping|IOS
		Shipping|Win32 = Shipping|Win32
		Shipping|Win64 = Shipping|Win64
	EndGlobalSection
	GlobalSection(ProjectConfigurationPlatforms) = postSolution
		{097F1B79-313A-4405-9D59-0239CE13F9F4}.DebugGame Editor|IOS.ActiveCfg = BuiltWithUnrealBuildTool|Win32
		{097F1B79-313A-4405-9D59-0239CE13F9F4}.DebugGame Editor|IOS.Build.0 = BuiltWithUnrealBuildTool|Win32
		{097F1B79-313A-4405-9D59-0239CE13F9F4}.DebugGame Editor|Win32.ActiveCfg = BuiltWithUnrealBuildTool|Win32
		{097F1B79-313A-4405-9D59-0239CE13F9F4}.DebugGame Editor|Win32.Build.0 = BuiltWithUnrealBuildTool|Win32
		{097F1B79-313A-4405-9D59-0239CE13F9F4}.DebugGame Editor|Win64.ActiveCfg = BuiltWithUnrealBuildTool|Win32
		{097F1B79-313A-4405-9D59-0239CE13F9F4}.DebugGame Editor|Win64.Build.0 = BuiltWithUnrealBuildTool|Win32
		{097F1B79-313A-4405-9D59-0239CE13F9F4}.DebugGame|IOS.ActiveCfg = BuiltWithUnrealBuildTool|Win32
		{097F1B79-313A-4405-9D59-0239CE13F9F4}.DebugGame|IOS.Build.0 = BuiltWithUnrealBuildTool|Win32
		{097F1B79-313A-4405-9D59-0239CE13F9F4}.DebugGame|Win32.ActiveCfg = BuiltWithUnrealBuildTool|Win32
		{097F1B79-313A-4405-9D59-0239CE13F9F4}.DebugGame|Win32.Build.0 = BuiltWithUnrealBuildTool|Win32
		{097F1B79-313A-4405-9D59-0239CE13F9F4}.DebugGame|Win64.ActiveCfg = BuiltWithUnrealBuildTool|Win32
		{097F1B79-313A-4405-9D59-0239CE13F9F4}.DebugGame|Win64.Build.0 = BuiltWithUnrealBuildTool|Win32
		{097F1B79-313A-4405-9D59-0239CE13F9F4}.Development Editor|IOS.ActiveCfg = BuiltWithUnrealBuildTool|Win32
		{097F1B79-313A-4405-9D59-0239CE13F9F4}.Development Editor|IOS.Build.0 = BuiltWithUnrealBuildTool|Win32
		{097F1B79-313A-4405-9D59-0239CE13F9F4}.Development Editor|Win32.ActiveCfg = BuiltWithUnrealBuildTool|Win32
		{097F1B79-313A-4405-9D59-0239CE13F9F4}.Development Editor|Win32.Build.0 = BuiltWithUnrealBuildTool|Win32
		{097F1B79-313A-4405-9D59-0239CE13F9F4}.Development Editor|Win64.ActiveCfg = BuiltWithUnrealBuildTool|Win32
		{097F1B79-313A-4405-9D59-0239CE13F9F4}.Development Editor|Win64.Build.0 = BuiltWithUnrealBuildTool|Win32
		{097F1B79-313A-4405-9D59-0239CE13F9F4}.Development|IOS.ActiveCfg = BuiltWithUnrealBuildTool|Win32
		{097F1B79-313A-4405-9D59-0239CE13F9F4}.Development|IOS.Build.0 = BuiltWithUnrealBuildTool|Win32
		{097F1B79-313A-4405-9D59-0239CE13F9F4}.Development|Win32.ActiveCfg = BuiltWithUnrealBuildTool|Win32
		{097F1B79-313A-4405-9D59-0239CE13F9F4}.Development|Win32.Build.0 = BuiltWithUnrealBuildTool|Win32
		{097F1B79-313A-4405-9D59-0239CE13F9F4}.Development|Win64.ActiveCfg = BuiltWithUnrealBuildTool|Win32
		{097F1B79-313A-4405-9D59-0239CE13F9F4}.Development|Win64.Build.0 = BuiltWithUnrealBuildTool|Win32
		{097F1B79-313A-4405-9D59-0239CE13F9F4}.Shipping|IOS.ActiveCfg = BuiltWithUnrealBuildTool|Win32
		{097F1B79-313A-4405-9D59-0239CE13F9F4}.Shipping|IOS.Build.0 = BuiltWithUnrealBuildTool|Win32
		{097F1B79-313A-4405-9D59-0239CE13F9F4}.Shipping|Win32.ActiveCfg = BuiltWithUnrealBuildTool|Win32
		{097F1B79-313A-4405-9D59-0239CE13F9F4}.Shipping|Win32.Build.0 = BuiltWithUnrealBuildTool|Win32
		{097F1B79-313A-4405-9D59-0239CE13F9F4}.Shipping|Win64.ActiveCfg = BuiltWithUnrealBuildTool|Win32
		{097F1B79-313A-4405-9D59-0239CE13F9F4}.Shipping|Win64.Build.0 = BuiltWithUnrealBuildTool|Win32
		{081D4752-42EC-47E5-A177-7A97FC8F6DEA}.DebugGame Editor|IOS.ActiveCfg = IOS_DebugGame_Editor|Win32
		{081D4752-42EC-47E5-A177-7A97FC8F6DEA}.DebugGame Editor|Win32.ActiveCfg = DebugGame_Editor|Win32
		{081D4752-42EC-47E5-A177-7A97FC8F6DEA}.DebugGame Editor|Win64.ActiveCfg = DebugGame_Editor|x64
		{081D4752-42EC-47E5-A177-7A97FC8F6DEA}.DebugGame Editor|Win64.Build.0 = DebugGame_Editor|x64
		{081D4752-42EC-47E5-A177-7A97FC8F6DEA}.DebugGame|IOS.ActiveCfg = IOS_DebugGame_Game|Win32
		{081D4752-42EC-47E5-A177-7A97FC8F6DEA}.DebugGame|IOS.Build.0 = IOS_DebugGame_Game|Win32
		{081D4752-42EC-47E5-A177-7A97FC8F6DEA}.DebugGame|Win32.ActiveCfg = DebugGame_Game|Win32
		{081D4752-42EC-47E5-A177-7A97FC8F6DEA}.DebugGame|Win32.Build.0 = DebugGame_Game|Win32
		{081D4752-42EC-47E5-A177-7A97FC8F6DEA}.DebugGame|Win64.ActiveCfg = DebugGame_Game|x64
		{081D4752-42EC-47E5-A177-7A97FC8F6DEA}.DebugGame|Win64.Build.0 = DebugGame_Game|x64
		{081D4752-42EC-47E5-A177-7A97FC8F6DEA}.Development Editor|IOS.ActiveCfg = IOS_Development_Editor|Win32
		{081D4752-42EC-47E5-A177-7A97FC8F6DEA}.Development Editor|Win32.ActiveCfg = Development_Editor|Win32
		{081D4752-42EC-47E5-A177-7A97FC8F6DEA}.Development Editor|Win64.ActiveCfg = Development_Editor|x64
		{081D4752-42EC-47E5-A177-7A97FC8F6DEA}.Development Editor|Win64.Build.0 = Development_Editor|x64
		{081D4752-42EC-47E5-A177-7A97FC8F6DEA}.Development|IOS.ActiveCfg = IOS_Development_Game|Win32
		{081D4752-42EC-47E5-A177-7A97FC8F6DEA}.Development|IOS.Build.0 = IOS_Development_Game|Win32
		{081D4752-42EC-47E5-A177-7A97FC8F6DEA}.Development|Win32.ActiveCfg = Development_Game|Win32
		{081D4752-42EC-47E5-A177-7A97FC8F6DEA}.Development|Win32.Build.0 = Development_Game|Win32
		{081D4752-42EC-47E5-A177-7A97FC8F6DEA}.Development|Win64.ActiveCfg = Development_Game|x64
		{081D4752-42EC-47E5-A177-7A97FC8F6DEA}.Development|Win64.Build.0 = Development_Game|x64
		{081D4752-42EC-47E5-A177-7A97FC8F6DEA}.Shipping|IOS.ActiveCfg = IOS_Shipping_Game|Win32
		{081D4752-42EC-47E5-A177-7A97FC8F6DEA}.Shipping|IOS.Build.0 = IOS_Shipping_Game|Win32
		{081D4752-42EC-47E5-A177-7A97FC8F6DEA}.Shipping|Win32.ActiveCfg = Shipping_Game|Win32
		{081D4752-42EC-47E5-A177-7A97FC8F6DEA}.Shipping|Win32.Build.0 = Shipping_Game|Win32
		{081D4752-42EC-47E5-A177-7A97FC8F6DEA}.Shipping|Win64.ActiveCfg = Shipping_Game|x64
		{081D4752-42EC-47E5-A177-7A97FC8F6DEA}.Shipping|Win64.Build.0 = Shipping_Game|x64
	EndGlobalSection
	GlobalSection(SolutionProperties) = preSolution
		HideSolutionNode = FALSE
	EndGlobalSection
	GlobalSection(NestedProjects) = preSolution
		{097F1B79-313A-4405-9D59-0239CE13F9F4} = {C1EA3523-94A4-4DAE-9A79-F23FB53CE8B9}
		{081D4752-42EC-47E5-A177-7A97FC8F6DEA} = {C6738F04-4E83-4FEF-AF66-80725C7A99FB}
	EndGlobalSection
EndGlobal
